
Microsoft Visual Studio Solution File, Format Version 12.00
# Visual Studio 14
VisualStudioVersion = 14.0.25420.1
MinimumVisualStudioVersion = 10.0.40219.1
Project("{FAE04EC0-301F-11D3-BF4B-00C04F79EFBC}") = "Mobile_Cust_LstViews", "Mobile_Cust_LstViews\Mobile_Cust_LstViews\Mobile_Cust_LstViews.csproj", "{67E8ECFB-AD8E-4EB9-B601-E5856A1E2D37}"
EndProject
Project("{FAE04EC0-301F-11D3-BF4B-00C04F79EFBC}") = "Mobile_Cust_LstViews.Droid", "Mobile_Cust_LstViews\Mobile_Cust_LstViews.Droid\Mobile_Cust_LstViews.Droid.csproj", "{EE64DABA-3786-4B51-98EE-56B186A48C8A}"
EndProject
Project("{FAE04EC0-301F-11D3-BF4B-00C04F79EFBC}") = "Mobile_Cust_LstViews.iOS", "Mobile_Cust_LstViews\Mobile_Cust_LstViews.iOS\Mobile_Cust_LstViews.iOS.csproj", "{818E58D7-E7C8-4EC7-904D-AF8EBFE00BAA}"
EndProject
Global
	GlobalSection(SolutionConfigurationPlatforms) = preSolution
		Ad-Hoc|Any CPU = Ad-Hoc|Any CPU
		Ad-Hoc|ARM = Ad-Hoc|ARM
		Ad-Hoc|iPhone = Ad-Hoc|iPhone
		Ad-Hoc|iPhoneSimulator = Ad-Hoc|iPhoneSimulator
		Ad-Hoc|x64 = Ad-Hoc|x64
		Ad-Hoc|x86 = Ad-Hoc|x86
		AppStore|Any CPU = AppStore|Any CPU
		AppStore|ARM = AppStore|ARM
		AppStore|iPhone = AppStore|iPhone
		AppStore|iPhoneSimulator = AppStore|iPhoneSimulator
		AppStore|x64 = AppStore|x64
		AppStore|x86 = AppStore|x86
		Debug|Any CPU = Debug|Any CPU
		Debug|ARM = Debug|ARM
		Debug|iPhone = Debug|iPhone
		Debug|iPhoneSimulator = Debug|iPhoneSimulator
		Debug|x64 = Debug|x64
		Debug|x86 = Debug|x86
		Release|Any CPU = Release|Any CPU
		Release|ARM = Release|ARM
		Release|iPhone = Release|iPhone
		Release|iPhoneSimulator = Release|iPhoneSimulator
		Release|x64 = Release|x64
		Release|x86 = Release|x86
	EndGlobalSection
	GlobalSection(ProjectConfigurationPlatforms) = postSolution
		{67E8ECFB-AD8E-4EB9-B601-E5856A1E2D37}.Ad-Hoc|Any CPU.ActiveCfg = Release|Any CPU
		{67E8ECFB-AD8E-4EB9-B601-E5856A1E2D37}.Ad-Hoc|Any CPU.Build.0 = Release|Any CPU
		{67E8ECFB-AD8E-4EB9-B601-E5856A1E2D37}.Ad-Hoc|ARM.ActiveCfg = Release|Any CPU
		{67E8ECFB-AD8E-4EB9-B601-E5856A1E2D37}.Ad-Hoc|ARM.Build.0 = Release|Any CPU
		{67E8ECFB-AD8E-4EB9-B601-E5856A1E2D37}.Ad-Hoc|iPhone.ActiveCfg = Release|Any CPU
		{67E8ECFB-AD8E-4EB9-B601-E5856A1E2D37}.Ad-Hoc|iPhone.Build.0 = Release|Any CPU
		{67E8ECFB-AD8E-4EB9-B601-E5856A1E2D37}.Ad-Hoc|iPhoneSimulator.ActiveCfg = Release|Any CPU
		{67E8ECFB-AD8E-4EB9-B601-E5856A1E2D37}.Ad-Hoc|iPhoneSimulator.Build.0 = Release|Any CPU
		{67E8ECFB-AD8E-4EB9-B601-E5856A1E2D37}.Ad-Hoc|x64.ActiveCfg = Release|Any CPU
		{67E8ECFB-AD8E-4EB9-B601-E5856A1E2D37}.Ad-Hoc|x64.Build.0 = Release|Any CPU
		{67E8ECFB-AD8E-4EB9-B601-E5856A1E2D37}.Ad-Hoc|x86.ActiveCfg = Release|Any CPU
		{67E8ECFB-AD8E-4EB9-B601-E5856A1E2D37}.Ad-Hoc|x86.Build.0 = Release|Any CPU
		{67E8ECFB-AD8E-4EB9-B601-E5856A1E2D37}.AppStore|Any CPU.ActiveCfg = Release|Any CPU
		{67E8ECFB-AD8E-4EB9-B601-E5856A1E2D37}.AppStore|Any CPU.Build.0 = Release|Any CPU
		{67E8ECFB-AD8E-4EB9-B601-E5856A1E2D37}.AppStore|ARM.ActiveCfg = Release|Any CPU
		{67E8ECFB-AD8E-4EB9-B601-E5856A1E2D37}.AppStore|ARM.Build.0 = Release|Any CPU
		{67E8ECFB-AD8E-4EB9-B601-E5856A1E2D37}.AppStore|iPhone.ActiveCfg = Release|Any CPU
		{67E8ECFB-AD8E-4EB9-B601-E5856A1E2D37}.AppStore|iPhone.Build.0 = Release|Any CPU
		{67E8ECFB-AD8E-4EB9-B601-E5856A1E2D37}.AppStore|iPhoneSimulator.ActiveCfg = Release|Any CPU
		{67E8ECFB-AD8E-4EB9-B601-E5856A1E2D37}.AppStore|iPhoneSimulator.Build.0 = Release|Any CPU
		{67E8ECFB-AD8E-4EB9-B601-E5856A1E2D37}.AppStore|x64.ActiveCfg = Release|Any CPU
		{67E8ECFB-AD8E-4EB9-B601-E5856A1E2D37}.AppStore|x64.Build.0 = Release|Any CPU
		{67E8ECFB-AD8E-4EB9-B601-E5856A1E2D37}.AppStore|x86.ActiveCfg = Release|Any CPU
		{67E8ECFB-AD8E-4EB9-B601-E5856A1E2D37}.AppStore|x86.Build.0 = Release|Any CPU
		{67E8ECFB-AD8E-4EB9-B601-E5856A1E2D37}.Debug|Any CPU.ActiveCfg = Debug|Any CPU
		{67E8ECFB-AD8E-4EB9-B601-E5856A1E2D37}.Debug|Any CPU.Build.0 = Debug|Any CPU
		{67E8ECFB-AD8E-4EB9-B601-E5856A1E2D37}.Debug|ARM.ActiveCfg = Debug|Any CPU
		{67E8ECFB-AD8E-4EB9-B601-E5856A1E2D37}.Debug|ARM.Build.0 = Debug|Any CPU
		{67E8ECFB-AD8E-4EB9-B601-E5856A1E2D37}.Debug|iPhone.ActiveCfg = Debug|Any CPU
		{67E8ECFB-AD8E-4EB9-B601-E5856A1E2D37}.Debug|iPhone.Build.0 = Debug|Any CPU
		{67E8ECFB-AD8E-4EB9-B601-E5856A1E2D37}.Debug|iPhoneSimulator.ActiveCfg = Debug|Any CPU
		{67E8ECFB-AD8E-4EB9-B601-E5856A1E2D37}.Debug|iPhoneSimulator.Build.0 = Debug|Any CPU
		{67E8ECFB-AD8E-4EB9-B601-E5856A1E2D37}.Debug|x64.ActiveCfg = Debug|Any CPU
		{67E8ECFB-AD8E-4EB9-B601-E5856A1E2D37}.Debug|x64.Build.0 = Debug|Any CPU
		{67E8ECFB-AD8E-4EB9-B601-E5856A1E2D37}.Debug|x86.ActiveCfg = Debug|Any CPU
		{67E8ECFB-AD8E-4EB9-B601-E5856A1E2D37}.Debug|x86.Build.0 = Debug|Any CPU
		{67E8ECFB-AD8E-4EB9-B601-E5856A1E2D37}.Release|Any CPU.ActiveCfg = Release|Any CPU
		{67E8ECFB-AD8E-4EB9-B601-E5856A1E2D37}.Release|Any CPU.Build.0 = Release|Any CPU
		{67E8ECFB-AD8E-4EB9-B601-E5856A1E2D37}.Release|ARM.ActiveCfg = Release|Any CPU
		{67E8ECFB-AD8E-4EB9-B601-E5856A1E2D37}.Release|ARM.Build.0 = Release|Any CPU
		{67E8ECFB-AD8E-4EB9-B601-E5856A1E2D37}.Release|iPhone.ActiveCfg = Release|Any CPU
		{67E8ECFB-AD8E-4EB9-B601-E5856A1E2D37}.Release|iPhone.Build.0 = Release|Any CPU
		{67E8ECFB-AD8E-4EB9-B601-E5856A1E2D37}.Release|iPhoneSimulator.ActiveCfg = Release|Any CPU
		{67E8ECFB-AD8E-4EB9-B601-E5856A1E2D37}.Release|iPhoneSimulator.Build.0 = Release|Any CPU
		{67E8ECFB-AD8E-4EB9-B601-E5856A1E2D37}.Release|x64.ActiveCfg = Release|Any CPU
		{67E8ECFB-AD8E-4EB9-B601-E5856A1E2D37}.Release|x64.Build.0 = Release|Any CPU
		{67E8ECFB-AD8E-4EB9-B601-E5856A1E2D37}.Release|x86.ActiveCfg = Release|Any CPU
		{67E8ECFB-AD8E-4EB9-B601-E5856A1E2D37}.Release|x86.Build.0 = Release|Any CPU
		{EE64DABA-3786-4B51-98EE-56B186A48C8A}.Ad-Hoc|Any CPU.ActiveCfg = Release|Any CPU
		{EE64DABA-3786-4B51-98EE-56B186A48C8A}.Ad-Hoc|Any CPU.Build.0 = Release|Any CPU
		{EE64DABA-3786-4B51-98EE-56B186A48C8A}.Ad-Hoc|Any CPU.Deploy.0 = Release|Any CPU
		{EE64DABA-3786-4B51-98EE-56B186A48C8A}.Ad-Hoc|ARM.ActiveCfg = Release|Any CPU
		{EE64DABA-3786-4B51-98EE-56B186A48C8A}.Ad-Hoc|ARM.Build.0 = Release|Any CPU
		{EE64DABA-3786-4B51-98EE-56B186A48C8A}.Ad-Hoc|ARM.Deploy.0 = Release|Any CPU
		{EE64DABA-3786-4B51-98EE-56B186A48C8A}.Ad-Hoc|iPhone.ActiveCfg = Release|Any CPU
		{EE64DABA-3786-4B51-98EE-56B186A48C8A}.Ad-Hoc|iPhone.Build.0 = Release|Any CPU
		{EE64DABA-3786-4B51-98EE-56B186A48C8A}.Ad-Hoc|iPhone.Deploy.0 = Release|Any CPU
		{EE64DABA-3786-4B51-98EE-56B186A48C8A}.Ad-Hoc|iPhoneSimulator.ActiveCfg = Release|Any CPU
		{EE64DABA-3786-4B51-98EE-56B186A48C8A}.Ad-Hoc|iPhoneSimulator.Build.0 = Release|Any CPU
		{EE64DABA-3786-4B51-98EE-56B186A48C8A}.Ad-Hoc|iPhoneSimulator.Deploy.0 = Release|Any CPU
		{EE64DABA-3786-4B51-98EE-56B186A48C8A}.Ad-Hoc|x64.ActiveCfg = Release|Any CPU
		{EE64DABA-3786-4B51-98EE-56B186A48C8A}.Ad-Hoc|x64.Build.0 = Release|Any CPU
		{EE64DABA-3786-4B51-98EE-56B186A48C8A}.Ad-Hoc|x64.Deploy.0 = Release|Any CPU
		{EE64DABA-3786-4B51-98EE-56B186A48C8A}.Ad-Hoc|x86.ActiveCfg = Release|Any CPU
		{EE64DABA-3786-4B51-98EE-56B186A48C8A}.Ad-Hoc|x86.Build.0 = Release|Any CPU
		{EE64DABA-3786-4B51-98EE-56B186A48C8A}.Ad-Hoc|x86.Deploy.0 = Release|Any CPU
		{EE64DABA-3786-4B51-98EE-56B186A48C8A}.AppStore|Any CPU.ActiveCfg = Release|Any CPU
		{EE64DABA-3786-4B51-98EE-56B186A48C8A}.AppStore|Any CPU.Build.0 = Release|Any CPU
		{EE64DABA-3786-4B51-98EE-56B186A48C8A}.AppStore|Any CPU.Deploy.0 = Release|Any CPU
		{EE64DABA-3786-4B51-98EE-56B186A48C8A}.AppStore|ARM.ActiveCfg = Release|Any CPU
		{EE64DABA-3786-4B51-98EE-56B186A48C8A}.AppStore|ARM.Build.0 = Release|Any CPU
		{EE64DABA-3786-4B51-98EE-56B186A48C8A}.AppStore|ARM.Deploy.0 = Release|Any CPU
		{EE64DABA-3786-4B51-98EE-56B186A48C8A}.AppStore|iPhone.ActiveCfg = Release|Any CPU
		{EE64DABA-3786-4B51-98EE-56B186A48C8A}.AppStore|iPhone.Build.0 = Release|Any CPU
		{EE64DABA-3786-4B51-98EE-56B186A48C8A}.AppStore|iPhone.Deploy.0 = Release|Any CPU
		{EE64DABA-3786-4B51-98EE-56B186A48C8A}.AppStore|iPhoneSimulator.ActiveCfg = Release|Any CPU
		{EE64DABA-3786-4B51-98EE-56B186A48C8A}.AppStore|iPhoneSimulator.Build.0 = Release|Any CPU
		{EE64DABA-3786-4B51-98EE-56B186A48C8A}.AppStore|iPhoneSimulator.Deploy.0 = Release|Any CPU
		{EE64DABA-3786-4B51-98EE-56B186A48C8A}.AppStore|x64.ActiveCfg = Release|Any CPU
		{EE64DABA-3786-4B51-98EE-56B186A48C8A}.AppStore|x64.Build.0 = Release|Any CPU
		{EE64DABA-3786-4B51-98EE-56B186A48C8A}.AppStore|x64.Deploy.0 = Release|Any CPU
		{EE64DABA-3786-4B51-98EE-56B186A48C8A}.AppStore|x86.ActiveCfg = Release|Any CPU
		{EE64DABA-3786-4B51-98EE-56B186A48C8A}.AppStore|x86.Build.0 = Release|Any CPU
		{EE64DABA-3786-4B51-98EE-56B186A48C8A}.AppStore|x86.Deploy.0 = Release|Any CPU
		{EE64DABA-3786-4B51-98EE-56B186A48C8A}.Debug|Any CPU.ActiveCfg = Debug|Any CPU
		{EE64DABA-3786-4B51-98EE-56B186A48C8A}.Debug|Any CPU.Build.0 = Debug|Any CPU
		{EE64DABA-3786-4B51-98EE-56B186A48C8A}.Debug|Any CPU.Deploy.0 = Debug|Any CPU
		{EE64DABA-3786-4B51-98EE-56B186A48C8A}.Debug|ARM.ActiveCfg = Debug|Any CPU
		{EE64DABA-3786-4B51-98EE-56B186A48C8A}.Debug|ARM.Build.0 = Debug|Any CPU
		{EE64DABA-3786-4B51-98EE-56B186A48C8A}.Debug|ARM.Deploy.0 = Debug|Any CPU
		{EE64DABA-3786-4B51-98EE-56B186A48C8A}.Debug|iPhone.ActiveCfg = Debug|Any CPU
		{EE64DABA-3786-4B51-98EE-56B186A48C8A}.Debug|iPhone.Build.0 = Debug|Any CPU
		{EE64DABA-3786-4B51-98EE-56B186A48C8A}.Debug|iPhone.Deploy.0 = Debug|Any CPU
		{EE64DABA-3786-4B51-98EE-56B186A48C8A}.Debug|iPhoneSimulator.ActiveCfg = Debug|Any CPU
		{EE64DABA-3786-4B51-98EE-56B186A48C8A}.Debug|iPhoneSimulator.Build.0 = Debug|Any CPU
		{EE64DABA-3786-4B51-98EE-56B186A48C8A}.Debug|iPhoneSimulator.Deploy.0 = Debug|Any CPU
		{EE64DABA-3786-4B51-98EE-56B186A48C8A}.Debug|x64.ActiveCfg = Debug|Any CPU
		{EE64DABA-3786-4B51-98EE-56B186A48C8A}.Debug|x64.Build.0 = Debug|Any CPU
		{EE64DABA-3786-4B51-98EE-56B186A48C8A}.Debug|x64.Deploy.0 = Debug|Any CPU
		{EE64DABA-3786-4B51-98EE-56B186A48C8A}.Debug|x86.ActiveCfg = Debug|Any CPU
		{EE64DABA-3786-4B51-98EE-56B186A48C8A}.Debug|x86.Build.0 = Debug|Any CPU
		{EE64DABA-3786-4B51-98EE-56B186A48C8A}.Debug|x86.Deploy.0 = Debug|Any CPU
		{EE64DABA-3786-4B51-98EE-56B186A48C8A}.Release|Any CPU.ActiveCfg = Release|Any CPU
		{EE64DABA-3786-4B51-98EE-56B186A48C8A}.Release|Any CPU.Build.0 = Release|Any CPU
		{EE64DABA-3786-4B51-98EE-56B186A48C8A}.Release|Any CPU.Deploy.0 = Release|Any CPU
		{EE64DABA-3786-4B51-98EE-56B186A48C8A}.Release|ARM.ActiveCfg = Release|Any CPU
		{EE64DABA-3786-4B51-98EE-56B186A48C8A}.Release|ARM.Build.0 = Release|Any CPU
		{EE64DABA-3786-4B51-98EE-56B186A48C8A}.Release|ARM.Deploy.0 = Release|Any CPU
		{EE64DABA-3786-4B51-98EE-56B186A48C8A}.Release|iPhone.ActiveCfg = Release|Any CPU
		{EE64DABA-3786-4B51-98EE-56B186A48C8A}.Release|iPhone.Build.0 = Release|Any CPU
		{EE64DABA-3786-4B51-98EE-56B186A48C8A}.Release|iPhone.Deploy.0 = Release|Any CPU
		{EE64DABA-3786-4B51-98EE-56B186A48C8A}.Release|iPhoneSimulator.ActiveCfg = Release|Any CPU
		{EE64DABA-3786-4B51-98EE-56B186A48C8A}.Release|iPhoneSimulator.Build.0 = Release|Any CPU
		{EE64DABA-3786-4B51-98EE-56B186A48C8A}.Release|iPhoneSimulator.Deploy.0 = Release|Any CPU
		{EE64DABA-3786-4B51-98EE-56B186A48C8A}.Release|x64.ActiveCfg = Release|Any CPU
		{EE64DABA-3786-4B51-98EE-56B186A48C8A}.Release|x64.Build.0 = Release|Any CPU
		{EE64DABA-3786-4B51-98EE-56B186A48C8A}.Release|x64.Deploy.0 = Release|Any CPU
		{EE64DABA-3786-4B51-98EE-56B186A48C8A}.Release|x86.ActiveCfg = Release|Any CPU
		{EE64DABA-3786-4B51-98EE-56B186A48C8A}.Release|x86.Build.0 = Release|Any CPU
		{EE64DABA-3786-4B51-98EE-56B186A48C8A}.Release|x86.Deploy.0 = Release|Any CPU
		{818E58D7-E7C8-4EC7-904D-AF8EBFE00BAA}.Ad-Hoc|Any CPU.ActiveCfg = Ad-Hoc|iPhone
		{818E58D7-E7C8-4EC7-904D-AF8EBFE00BAA}.Ad-Hoc|ARM.ActiveCfg = Ad-Hoc|iPhone
		{818E58D7-E7C8-4EC7-904D-AF8EBFE00BAA}.Ad-Hoc|iPhone.ActiveCfg = Ad-Hoc|iPhone
		{818E58D7-E7C8-4EC7-904D-AF8EBFE00BAA}.Ad-Hoc|iPhone.Build.0 = Ad-Hoc|iPhone
		{818E58D7-E7C8-4EC7-904D-AF8EBFE00BAA}.Ad-Hoc|iPhoneSimulator.ActiveCfg = Ad-Hoc|iPhoneSimulator
		{818E58D7-E7C8-4EC7-904D-AF8EBFE00BAA}.Ad-Hoc|iPhoneSimulator.Build.0 = Ad-Hoc|iPhoneSimulator
		{818E58D7-E7C8-4EC7-904D-AF8EBFE00BAA}.Ad-Hoc|x64.ActiveCfg = Ad-Hoc|iPhone
		{818E58D7-E7C8-4EC7-904D-AF8EBFE00BAA}.Ad-Hoc|x86.ActiveCfg = Ad-Hoc|iPhone
		{818E58D7-E7C8-4EC7-904D-AF8EBFE00BAA}.AppStore|Any CPU.ActiveCfg = AppStore|iPhone
		{818E58D7-E7C8-4EC7-904D-AF8EBFE00BAA}.AppStore|ARM.ActiveCfg = AppStore|iPhone
		{818E58D7-E7C8-4EC7-904D-AF8EBFE00BAA}.AppStore|iPhone.ActiveCfg = AppStore|iPhone
		{818E58D7-E7C8-4EC7-904D-AF8EBFE00BAA}.AppStore|iPhone.Build.0 = AppStore|iPhone
		{818E58D7-E7C8-4EC7-904D-AF8EBFE00BAA}.AppStore|iPhoneSimulator.ActiveCfg = AppStore|iPhoneSimulator
		{818E58D7-E7C8-4EC7-904D-AF8EBFE00BAA}.AppStore|iPhoneSimulator.Build.0 = AppStore|iPhoneSimulator
		{818E58D7-E7C8-4EC7-904D-AF8EBFE00BAA}.AppStore|x64.ActiveCfg = AppStore|iPhone
		{818E58D7-E7C8-4EC7-904D-AF8EBFE00BAA}.AppStore|x86.ActiveCfg = AppStore|iPhone
		{818E58D7-E7C8-4EC7-904D-AF8EBFE00BAA}.Debug|Any CPU.ActiveCfg = Debug|iPhone
		{818E58D7-E7C8-4EC7-904D-AF8EBFE00BAA}.Debug|ARM.ActiveCfg = Debug|iPhone
		{818E58D7-E7C8-4EC7-904D-AF8EBFE00BAA}.Debug|iPhone.ActiveCfg = Debug|iPhone
		{818E58D7-E7C8-4EC7-904D-AF8EBFE00BAA}.Debug|iPhone.Build.0 = Debug|iPhone
		{818E58D7-E7C8-4EC7-904D-AF8EBFE00BAA}.Debug|iPhoneSimulator.ActiveCfg = Debug|iPhoneSimulator
		{818E58D7-E7C8-4EC7-904D-AF8EBFE00BAA}.Debug|iPhoneSimulator.Build.0 = Debug|iPhoneSimulator
		{818E58D7-E7C8-4EC7-904D-AF8EBFE00BAA}.Debug|x64.ActiveCfg = Debug|iPhone
		{818E58D7-E7C8-4EC7-904D-AF8EBFE00BAA}.Debug|x86.ActiveCfg = Debug|iPhone
		{818E58D7-E7C8-4EC7-904D-AF8EBFE00BAA}.Release|Any CPU.ActiveCfg = Release|iPhone
		{818E58D7-E7C8-4EC7-904D-AF8EBFE00BAA}.Release|ARM.ActiveCfg = Release|iPhone
		{818E58D7-E7C8-4EC7-904D-AF8EBFE00BAA}.Release|iPhone.ActiveCfg = Release|iPhone
		{818E58D7-E7C8-4EC7-904D-AF8EBFE00BAA}.Release|iPhone.Build.0 = Release|iPhone
		{818E58D7-E7C8-4EC7-904D-AF8EBFE00BAA}.Release|iPhoneSimulator.ActiveCfg = Release|iPhoneSimulator
		{818E58D7-E7C8-4EC7-904D-AF8EBFE00BAA}.Release|iPhoneSimulator.Build.0 = Release|iPhoneSimulator
		{818E58D7-E7C8-4EC7-904D-AF8EBFE00BAA}.Release|x64.ActiveCfg = Release|iPhone
		{818E58D7-E7C8-4EC7-904D-AF8EBFE00BAA}.Release|x86.ActiveCfg = Release|iPhone
	EndGlobalSection
	GlobalSection(SolutionProperties) = preSolution
		HideSolutionNode = FALSE
	EndGlobalSection
EndGlobal
